
Microsoft Visual Studio Solution File, Format Version 12.00
# Visual Studio 15
VisualStudioVersion = 15.0.28307.572
MinimumVisualStudioVersion = 10.0.40219.1
Project("{FAE04EC0-301F-11D3-BF4B-00C04F79EFBC}") = "Flora.Android", "Flora\Flora.Android\Flora.Android.csproj", "{89129E67-4087-4FF1-AAF6-38F71C5AF554}"
EndProject
Project("{FAE04EC0-301F-11D3-BF4B-00C04F79EFBC}") = "Flora.iOS", "Flora\Flora.iOS\Flora.iOS.csproj", "{718E30F2-BEC4-4BFA-881F-F8983AFE7EA4}"
EndProject
Project("{FAE04EC0-301F-11D3-BF4B-00C04F79EFBC}") = "Flora", "Flora\Flora\Flora.csproj", "{4B6B122B-AD2A-4FCF-9344-7040AEB83919}"
EndProject
Global
	GlobalSection(SolutionConfigurationPlatforms) = preSolution
		Ad-Hoc|Any CPU = Ad-Hoc|Any CPU
		Ad-Hoc|iPhone = Ad-Hoc|iPhone
		Ad-Hoc|iPhoneSimulator = Ad-Hoc|iPhoneSimulator
		AppStore|Any CPU = AppStore|Any CPU
		AppStore|iPhone = AppStore|iPhone
		AppStore|iPhoneSimulator = AppStore|iPhoneSimulator
		Debug|Any CPU = Debug|Any CPU
		Debug|iPhone = Debug|iPhone
		Debug|iPhoneSimulator = Debug|iPhoneSimulator
		Release|Any CPU = Release|Any CPU
		Release|iPhone = Release|iPhone
		Release|iPhoneSimulator = Release|iPhoneSimulator
	EndGlobalSection
	GlobalSection(ProjectConfigurationPlatforms) = postSolution
		{89129E67-4087-4FF1-AAF6-38F71C5AF554}.Ad-Hoc|Any CPU.ActiveCfg = Release|Any CPU
		{89129E67-4087-4FF1-AAF6-38F71C5AF554}.Ad-Hoc|Any CPU.Build.0 = Release|Any CPU
		{89129E67-4087-4FF1-AAF6-38F71C5AF554}.Ad-Hoc|Any CPU.Deploy.0 = Release|Any CPU
		{89129E67-4087-4FF1-AAF6-38F71C5AF554}.Ad-Hoc|iPhone.ActiveCfg = Release|Any CPU
		{89129E67-4087-4FF1-AAF6-38F71C5AF554}.Ad-Hoc|iPhone.Build.0 = Release|Any CPU
		{89129E67-4087-4FF1-AAF6-38F71C5AF554}.Ad-Hoc|iPhone.Deploy.0 = Release|Any CPU
		{89129E67-4087-4FF1-AAF6-38F71C5AF554}.Ad-Hoc|iPhoneSimulator.ActiveCfg = Release|Any CPU
		{89129E67-4087-4FF1-AAF6-38F71C5AF554}.Ad-Hoc|iPhoneSimulator.Build.0 = Release|Any CPU
		{89129E67-4087-4FF1-AAF6-38F71C5AF554}.Ad-Hoc|iPhoneSimulator.Deploy.0 = Release|Any CPU
		{89129E67-4087-4FF1-AAF6-38F71C5AF554}.AppStore|Any CPU.ActiveCfg = Release|Any CPU
		{89129E67-4087-4FF1-AAF6-38F71C5AF554}.AppStore|Any CPU.Build.0 = Release|Any CPU
		{89129E67-4087-4FF1-AAF6-38F71C5AF554}.AppStore|Any CPU.Deploy.0 = Release|Any CPU
		{89129E67-4087-4FF1-AAF6-38F71C5AF554}.AppStore|iPhone.ActiveCfg = Release|Any CPU
		{89129E67-4087-4FF1-AAF6-38F71C5AF554}.AppStore|iPhone.Build.0 = Release|Any CPU
		{89129E67-4087-4FF1-AAF6-38F71C5AF554}.AppStore|iPhone.Deploy.0 = Release|Any CPU
		{89129E67-4087-4FF1-AAF6-38F71C5AF554}.AppStore|iPhoneSimulator.ActiveCfg = Release|Any CPU
		{89129E67-4087-4FF1-AAF6-38F71C5AF554}.AppStore|iPhoneSimulator.Build.0 = Release|Any CPU
		{89129E67-4087-4FF1-AAF6-38F71C5AF554}.AppStore|iPhoneSimulator.Deploy.0 = Release|Any CPU
		{89129E67-4087-4FF1-AAF6-38F71C5AF554}.Debug|Any CPU.ActiveCfg = Debug|Any CPU
		{89129E67-4087-4FF1-AAF6-38F71C5AF554}.Debug|Any CPU.Build.0 = Debug|Any CPU
		{89129E67-4087-4FF1-AAF6-38F71C5AF554}.Debug|Any CPU.Deploy.0 = Debug|Any CPU
		{89129E67-4087-4FF1-AAF6-38F71C5AF554}.Debug|iPhone.ActiveCfg = Debug|Any CPU
		{89129E67-4087-4FF1-AAF6-38F71C5AF554}.Debug|iPhone.Build.0 = Debug|Any CPU
		{89129E67-4087-4FF1-AAF6-38F71C5AF554}.Debug|iPhone.Deploy.0 = Debug|Any CPU
		{89129E67-4087-4FF1-AAF6-38F71C5AF554}.Debug|iPhoneSimulator.ActiveCfg = Debug|Any CPU
		{89129E67-4087-4FF1-AAF6-38F71C5AF554}.Debug|iPhoneSimulator.Build.0 = Debug|Any CPU
		{89129E67-4087-4FF1-AAF6-38F71C5AF554}.Debug|iPhoneSimulator.Deploy.0 = Debug|Any CPU
		{89129E67-4087-4FF1-AAF6-38F71C5AF554}.Release|Any CPU.ActiveCfg = Release|Any CPU
		{89129E67-4087-4FF1-AAF6-38F71C5AF554}.Release|Any CPU.Build.0 = Release|Any CPU
		{89129E67-4087-4FF1-AAF6-38F71C5AF554}.Release|Any CPU.Deploy.0 = Release|Any CPU
		{89129E67-4087-4FF1-AAF6-38F71C5AF554}.Release|iPhone.ActiveCfg = Release|Any CPU
		{89129E67-4087-4FF1-AAF6-38F71C5AF554}.Release|iPhone.Build.0 = Release|Any CPU
		{89129E67-4087-4FF1-AAF6-38F71C5AF554}.Release|iPhone.Deploy.0 = Release|Any CPU
		{89129E67-4087-4FF1-AAF6-38F71C5AF554}.Release|iPhoneSimulator.ActiveCfg = Release|Any CPU
		{89129E67-4087-4FF1-AAF6-38F71C5AF554}.Release|iPhoneSimulator.Build.0 = Release|Any CPU
		{89129E67-4087-4FF1-AAF6-38F71C5AF554}.Release|iPhoneSimulator.Deploy.0 = Release|Any CPU
		{718E30F2-BEC4-4BFA-881F-F8983AFE7EA4}.Ad-Hoc|Any CPU.ActiveCfg = Ad-Hoc|iPhone
		{718E30F2-BEC4-4BFA-881F-F8983AFE7EA4}.Ad-Hoc|Any CPU.Build.0 = Ad-Hoc|iPhone
		{718E30F2-BEC4-4BFA-881F-F8983AFE7EA4}.Ad-Hoc|Any CPU.Deploy.0 = Ad-Hoc|iPhone
		{718E30F2-BEC4-4BFA-881F-F8983AFE7EA4}.Ad-Hoc|iPhone.ActiveCfg = Ad-Hoc|iPhone
		{718E30F2-BEC4-4BFA-881F-F8983AFE7EA4}.Ad-Hoc|iPhone.Build.0 = Ad-Hoc|iPhone
		{718E30F2-BEC4-4BFA-881F-F8983AFE7EA4}.Ad-Hoc|iPhone.Deploy.0 = Ad-Hoc|iPhone
		{718E30F2-BEC4-4BFA-881F-F8983AFE7EA4}.Ad-Hoc|iPhoneSimulator.ActiveCfg = Ad-Hoc|iPhoneSimulator
		{718E30F2-BEC4-4BFA-881F-F8983AFE7EA4}.Ad-Hoc|iPhoneSimulator.Build.0 = Ad-Hoc|iPhoneSimulator
		{718E30F2-BEC4-4BFA-881F-F8983AFE7EA4}.Ad-Hoc|iPhoneSimulator.Deploy.0 = Ad-Hoc|iPhoneSimulator
		{718E30F2-BEC4-4BFA-881F-F8983AFE7EA4}.AppStore|Any CPU.ActiveCfg = AppStore|iPhone
		{718E30F2-BEC4-4BFA-881F-F8983AFE7EA4}.AppStore|Any CPU.Build.0 = AppStore|iPhone
		{718E30F2-BEC4-4BFA-881F-F8983AFE7EA4}.AppStore|Any CPU.Deploy.0 = AppStore|iPhone
		{718E30F2-BEC4-4BFA-881F-F8983AFE7EA4}.AppStore|iPhone.ActiveCfg = AppStore|iPhone
		{718E30F2-BEC4-4BFA-881F-F8983AFE7EA4}.AppStore|iPhone.Build.0 = AppStore|iPhone
		{718E30F2-BEC4-4BFA-881F-F8983AFE7EA4}.AppStore|iPhone.Deploy.0 = AppStore|iPhone
		{718E30F2-BEC4-4BFA-881F-F8983AFE7EA4}.AppStore|iPhoneSimulator.ActiveCfg = AppStore|iPhoneSimulator
		{718E30F2-BEC4-4BFA-881F-F8983AFE7EA4}.AppStore|iPhoneSimulator.Build.0 = AppStore|iPhoneSimulator
		{718E30F2-BEC4-4BFA-881F-F8983AFE7EA4}.AppStore|iPhoneSimulator.Deploy.0 = AppStore|iPhoneSimulator
		{718E30F2-BEC4-4BFA-881F-F8983AFE7EA4}.Debug|Any CPU.ActiveCfg = Debug|iPhoneSimulator
		{718E30F2-BEC4-4BFA-881F-F8983AFE7EA4}.Debug|Any CPU.Build.0 = Debug|iPhoneSimulator
		{718E30F2-BEC4-4BFA-881F-F8983AFE7EA4}.Debug|Any CPU.Deploy.0 = Debug|iPhoneSimulator
		{718E30F2-BEC4-4BFA-881F-F8983AFE7EA4}.Debug|iPhone.ActiveCfg = Debug|iPhone
		{718E30F2-BEC4-4BFA-881F-F8983AFE7EA4}.Debug|iPhone.Build.0 = Debug|iPhone
		{718E30F2-BEC4-4BFA-881F-F8983AFE7EA4}.Debug|iPhone.Deploy.0 = Debug|iPhone
		{718E30F2-BEC4-4BFA-881F-F8983AFE7EA4}.Debug|iPhoneSimulator.ActiveCfg = Debug|iPhoneSimulator
		{718E30F2-BEC4-4BFA-881F-F8983AFE7EA4}.Debug|iPhoneSimulator.Build.0 = Debug|iPhoneSimulator
		{718E30F2-BEC4-4BFA-881F-F8983AFE7EA4}.Debug|iPhoneSimulator.Deploy.0 = Debug|iPhoneSimulator
		{718E30F2-BEC4-4BFA-881F-F8983AFE7EA4}.Release|Any CPU.ActiveCfg = Release|iPhone
		{718E30F2-BEC4-4BFA-881F-F8983AFE7EA4}.Release|Any CPU.Build.0 = Release|iPhone
		{718E30F2-BEC4-4BFA-881F-F8983AFE7EA4}.Release|Any CPU.Deploy.0 = Release|iPhone
		{718E30F2-BEC4-4BFA-881F-F8983AFE7EA4}.Release|iPhone.ActiveCfg = Release|iPhone
		{718E30F2-BEC4-4BFA-881F-F8983AFE7EA4}.Release|iPhone.Build.0 = Release|iPhone
		{718E30F2-BEC4-4BFA-881F-F8983AFE7EA4}.Release|iPhone.Deploy.0 = Release|iPhone
		{718E30F2-BEC4-4BFA-881F-F8983AFE7EA4}.Release|iPhoneSimulator.ActiveCfg = Release|iPhoneSimulator
		{718E30F2-BEC4-4BFA-881F-F8983AFE7EA4}.Release|iPhoneSimulator.Build.0 = Release|iPhoneSimulator
		{718E30F2-BEC4-4BFA-881F-F8983AFE7EA4}.Release|iPhoneSimulator.Deploy.0 = Release|iPhoneSimulator
		{4B6B122B-AD2A-4FCF-9344-7040AEB83919}.Ad-Hoc|Any CPU.ActiveCfg = Debug|Any CPU
		{4B6B122B-AD2A-4FCF-9344-7040AEB83919}.Ad-Hoc|Any CPU.Build.0 = Debug|Any CPU
		{4B6B122B-AD2A-4FCF-9344-7040AEB83919}.Ad-Hoc|Any CPU.Deploy.0 = Debug|Any CPU
		{4B6B122B-AD2A-4FCF-9344-7040AEB83919}.Ad-Hoc|iPhone.ActiveCfg = Debug|Any CPU
		{4B6B122B-AD2A-4FCF-9344-7040AEB83919}.Ad-Hoc|iPhone.Build.0 = Debug|Any CPU
		{4B6B122B-AD2A-4FCF-9344-7040AEB83919}.Ad-Hoc|iPhone.Deploy.0 = Debug|Any CPU
		{4B6B122B-AD2A-4FCF-9344-7040AEB83919}.Ad-Hoc|iPhoneSimulator.ActiveCfg = Debug|Any CPU
		{4B6B122B-AD2A-4FCF-9344-7040AEB83919}.Ad-Hoc|iPhoneSimulator.Build.0 = Debug|Any CPU
		{4B6B122B-AD2A-4FCF-9344-7040AEB83919}.Ad-Hoc|iPhoneSimulator.Deploy.0 = Debug|Any CPU
		{4B6B122B-AD2A-4FCF-9344-7040AEB83919}.AppStore|Any CPU.ActiveCfg = Debug|Any CPU
		{4B6B122B-AD2A-4FCF-9344-7040AEB83919}.AppStore|Any CPU.Build.0 = Debug|Any CPU
		{4B6B122B-AD2A-4FCF-9344-7040AEB83919}.AppStore|Any CPU.Deploy.0 = Debug|Any CPU
		{4B6B122B-AD2A-4FCF-9344-7040AEB83919}.AppStore|iPhone.ActiveCfg = Debug|Any CPU
		{4B6B122B-AD2A-4FCF-9344-7040AEB83919}.AppStore|iPhone.Build.0 = Debug|Any CPU
		{4B6B122B-AD2A-4FCF-9344-7040AEB83919}.AppStore|iPhone.Deploy.0 = Debug|Any CPU
		{4B6B122B-AD2A-4FCF-9344-7040AEB83919}.AppStore|iPhoneSimulator.ActiveCfg = Debug|Any CPU
		{4B6B122B-AD2A-4FCF-9344-7040AEB83919}.AppStore|iPhoneSimulator.Build.0 = Debug|Any CPU
		{4B6B122B-AD2A-4FCF-9344-7040AEB83919}.AppStore|iPhoneSimulator.Deploy.0 = Debug|Any CPU
		{4B6B122B-AD2A-4FCF-9344-7040AEB83919}.Debug|Any CPU.ActiveCfg = Debug|Any CPU
		{4B6B122B-AD2A-4FCF-9344-7040AEB83919}.Debug|Any CPU.Build.0 = Debug|Any CPU
		{4B6B122B-AD2A-4FCF-9344-7040AEB83919}.Debug|Any CPU.Deploy.0 = Debug|Any CPU
		{4B6B122B-AD2A-4FCF-9344-7040AEB83919}.Debug|iPhone.ActiveCfg = Debug|Any CPU
		{4B6B122B-AD2A-4FCF-9344-7040AEB83919}.Debug|iPhone.Build.0 = Debug|Any CPU
		{4B6B122B-AD2A-4FCF-9344-7040AEB83919}.Debug|iPhone.Deploy.0 = Debug|Any CPU
		{4B6B122B-AD2A-4FCF-9344-7040AEB83919}.Debug|iPhoneSimulator.ActiveCfg = Debug|Any CPU
		{4B6B122B-AD2A-4FCF-9344-7040AEB83919}.Debug|iPhoneSimulator.Build.0 = Debug|Any CPU
		{4B6B122B-AD2A-4FCF-9344-7040AEB83919}.Debug|iPhoneSimulator.Deploy.0 = Debug|Any CPU
		{4B6B122B-AD2A-4FCF-9344-7040AEB83919}.Release|Any CPU.ActiveCfg = Release|Any CPU
		{4B6B122B-AD2A-4FCF-9344-7040AEB83919}.Release|Any CPU.Build.0 = Release|Any CPU
		{4B6B122B-AD2A-4FCF-9344-7040AEB83919}.Release|Any CPU.Deploy.0 = Release|Any CPU
		{4B6B122B-AD2A-4FCF-9344-7040AEB83919}.Release|iPhone.ActiveCfg = Release|Any CPU
		{4B6B122B-AD2A-4FCF-9344-7040AEB83919}.Release|iPhone.Build.0 = Release|Any CPU
		{4B6B122B-AD2A-4FCF-9344-7040AEB83919}.Release|iPhone.Deploy.0 = Release|Any CPU
		{4B6B122B-AD2A-4FCF-9344-7040AEB83919}.Release|iPhoneSimulator.ActiveCfg = Release|Any CPU
		{4B6B122B-AD2A-4FCF-9344-7040AEB83919}.Release|iPhoneSimulator.Build.0 = Release|Any CPU
		{4B6B122B-AD2A-4FCF-9344-7040AEB83919}.Release|iPhoneSimulator.Deploy.0 = Release|Any CPU
	EndGlobalSection
	GlobalSection(SolutionProperties) = preSolution
		HideSolutionNode = FALSE
	EndGlobalSection
	GlobalSection(ExtensibilityGlobals) = postSolution
		SolutionGuid = {E777CB40-8925-4B37-AD1C-426963CB90DF}
	EndGlobalSection
EndGlobal
